{
  "version": 4,
  "terraform_version": "1.9.2",
  "serial": 101,
  "lineage": "0b411cdb-cac4-e8e4-5fe9-88495b786a59",
  "outputs": {
    "elb_dns_name": {
      "value": "elbweb-1891913177.us-west-2.elb.amazonaws.com",
      "type": "string"
    },
    "public_instance_id": {
      "value": [
        "i-0acd125cec5f2f00b",
        "i-00ea5057a7beef8f7"
      ],
      "type": [
        "tuple",
        [
          "string",
          "string"
        ]
      ]
    },
    "public_ip": {
      "value": [
        "44.243.113.159",
        "35.88.149.5"
      ],
      "type": [
        "tuple",
        [
          "string",
          "string"
        ]
      ]
    }
  },
  "resources": [
    {
      "module": "module.ec2",
      "mode": "managed",
      "type": "aws_autoscaling_group",
      "name": "web_asg",
      "provider": "provider[\"registry.terraform.io/hashicorp/aws\"]",
      "instances": [
        {
          "schema_version": 0,
          "attributes": {
            "arn": "arn:aws:autoscaling:us-west-2:211125730474:autoScalingGroup:fd6ef364-62ef-4bb2-9c50-e8a500e708f7:autoScalingGroupName/terraform-20240824103218296000000004",
            "availability_zones": [
              "us-west-2b",
              "us-west-2c"
            ],
            "capacity_rebalance": false,
            "context": "",
            "default_cooldown": 300,
            "default_instance_warmup": 0,
            "desired_capacity": 2,
            "desired_capacity_type": "",
            "enabled_metrics": null,
            "force_delete": false,
            "force_delete_warm_pool": false,
            "health_check_grace_period": 300,
            "health_check_type": "EC2",
            "id": "terraform-20240824103218296000000004",
            "initial_lifecycle_hook": [],
            "instance_refresh": [],
            "launch_configuration": "",
            "launch_template": [
              {
                "id": "lt-01513ba84dad67516",
                "name": "web-instance-template",
                "version": "$Latest"
              }
            ],
            "load_balancers": null,
            "max_instance_lifetime": 0,
            "max_size": 4,
            "metrics_granularity": "1Minute",
            "min_elb_capacity": null,
            "min_size": 1,
            "mixed_instances_policy": [],
            "name": "terraform-20240824103218296000000004",
            "name_prefix": "terraform-",
            "placement_group": "",
            "predicted_capacity": 0,
            "protect_from_scale_in": false,
            "service_linked_role_arn": "arn:aws:iam::211125730474:role/aws-service-role/autoscaling.amazonaws.com/AWSServiceRoleForAutoScaling",
            "suspended_processes": null,
            "tag": [
              {
                "key": "Name",
                "propagate_at_launch": true,
                "value": "autoscaling_instance"
              }
            ],
            "tags": null,
            "target_group_arns": [
              "arn:aws:elasticloadbalancing:us-west-2:211125730474:targetgroup/elbwebtg/bdbad21846f86f2e"
            ],
            "termination_policies": null,
            "timeouts": null,
            "vpc_zone_identifier": [
              "subnet-0261dd6b028a0669a",
              "subnet-02feb596245e3f156"
            ],
            "wait_for_capacity_timeout": "10m",
            "wait_for_elb_capacity": null,
            "warm_pool": [],
            "warm_pool_size": 0
          },
          "sensitive_attributes": [],
          "private": "eyJlMmJmYjczMC1lY2FhLTExZTYtOGY4OC0zNDM2M2JjN2M0YzAiOnsiZGVsZXRlIjo2MDAwMDAwMDAwMDAsInVwZGF0ZSI6NjAwMDAwMDAwMDAwfX0=",
          "dependencies": [
            "module.ec2.aws_key_pair.key_pair",
            "module.ec2.aws_launch_template.web_template",
            "module.ec2.aws_lb_target_group.elbwebtg",
            "module.ec2.aws_security_group.sg_ec2",
            "module.ec2.tls_private_key.rsa_4096"
          ]
        }
      ]
    },
    {
      "module": "module.ec2",
      "mode": "managed",
      "type": "aws_autoscaling_policy",
      "name": "scale_down",
      "provider": "provider[\"registry.terraform.io/hashicorp/aws\"]",
      "instances": [
        {
          "schema_version": 0,
          "attributes": {
            "adjustment_type": "ChangeInCapacity",
            "arn": "arn:aws:autoscaling:us-west-2:211125730474:scalingPolicy:a87cbff4-4dad-47dc-a733-261f452a80ba:autoScalingGroupName/terraform-20240824103218296000000004:policyName/scale_down_policy",
            "autoscaling_group_name": "terraform-20240824103218296000000004",
            "cooldown": 300,
            "enabled": true,
            "estimated_instance_warmup": 0,
            "id": "scale_down_policy",
            "metric_aggregation_type": "",
            "min_adjustment_magnitude": 0,
            "name": "scale_down_policy",
            "policy_type": "SimpleScaling",
            "predictive_scaling_configuration": [],
            "scaling_adjustment": -1,
            "step_adjustment": [],
            "target_tracking_configuration": []
          },
          "sensitive_attributes": [],
          "private": "bnVsbA==",
          "dependencies": [
            "module.ec2.aws_autoscaling_group.web_asg",
            "module.ec2.aws_key_pair.key_pair",
            "module.ec2.aws_launch_template.web_template",
            "module.ec2.aws_lb_target_group.elbwebtg",
            "module.ec2.aws_security_group.sg_ec2",
            "module.ec2.tls_private_key.rsa_4096"
          ]
        }
      ]
    },
    {
      "module": "module.ec2",
      "mode": "managed",
      "type": "aws_autoscaling_policy",
      "name": "scale_up",
      "provider": "provider[\"registry.terraform.io/hashicorp/aws\"]",
      "instances": [
        {
          "schema_version": 0,
          "attributes": {
            "adjustment_type": "ChangeInCapacity",
            "arn": "arn:aws:autoscaling:us-west-2:211125730474:scalingPolicy:bf471d28-15f6-41a9-ab9a-a6bc65cffdca:autoScalingGroupName/terraform-20240824103218296000000004:policyName/scale_up_policy",
            "autoscaling_group_name": "terraform-20240824103218296000000004",
            "cooldown": 300,
            "enabled": true,
            "estimated_instance_warmup": 0,
            "id": "scale_up_policy",
            "metric_aggregation_type": "",
            "min_adjustment_magnitude": 0,
            "name": "scale_up_policy",
            "policy_type": "SimpleScaling",
            "predictive_scaling_configuration": [],
            "scaling_adjustment": 1,
            "step_adjustment": [],
            "target_tracking_configuration": []
          },
          "sensitive_attributes": [],
          "private": "bnVsbA==",
          "dependencies": [
            "module.ec2.aws_autoscaling_group.web_asg",
            "module.ec2.aws_key_pair.key_pair",
            "module.ec2.aws_launch_template.web_template",
            "module.ec2.aws_lb_target_group.elbwebtg",
            "module.ec2.aws_security_group.sg_ec2",
            "module.ec2.tls_private_key.rsa_4096"
          ]
        }
      ]
    },
    {
      "module": "module.ec2",
      "mode": "managed",
      "type": "aws_cloudwatch_metric_alarm",
      "name": "high_cpu_alarm",
      "provider": "provider[\"registry.terraform.io/hashicorp/aws\"]",
      "instances": [
        {
          "schema_version": 1,
          "attributes": {
            "actions_enabled": true,
            "alarm_actions": [
              "arn:aws:autoscaling:us-west-2:211125730474:scalingPolicy:bf471d28-15f6-41a9-ab9a-a6bc65cffdca:autoScalingGroupName/terraform-20240824103218296000000004:policyName/scale_up_policy"
            ],
            "alarm_description": "",
            "alarm_name": "high_cpu_alarm",
            "arn": "arn:aws:cloudwatch:us-west-2:211125730474:alarm:high_cpu_alarm",
            "comparison_operator": "GreaterThanThreshold",
            "datapoints_to_alarm": 0,
            "dimensions": {
              "AutoScalingGroupName": "terraform-20240824103218296000000004"
            },
            "evaluate_low_sample_count_percentiles": "",
            "evaluation_periods": 1,
            "extended_statistic": "",
            "id": "high_cpu_alarm",
            "insufficient_data_actions": null,
            "metric_name": "CPUUtilization",
            "metric_query": [],
            "namespace": "AWS/EC2",
            "ok_actions": null,
            "period": 300,
            "statistic": "Average",
            "tags": null,
            "tags_all": {},
            "threshold": 70,
            "threshold_metric_id": "",
            "treat_missing_data": "missing",
            "unit": ""
          },
          "sensitive_attributes": [],
          "private": "eyJzY2hlbWFfdmVyc2lvbiI6IjEifQ==",
          "dependencies": [
            "module.ec2.aws_autoscaling_group.web_asg",
            "module.ec2.aws_autoscaling_policy.scale_up",
            "module.ec2.aws_key_pair.key_pair",
            "module.ec2.aws_launch_template.web_template",
            "module.ec2.aws_lb_target_group.elbwebtg",
            "module.ec2.aws_security_group.sg_ec2",
            "module.ec2.tls_private_key.rsa_4096"
          ]
        }
      ]
    },
    {
      "module": "module.ec2",
      "mode": "managed",
      "type": "aws_cloudwatch_metric_alarm",
      "name": "low_cpu_alarm",
      "provider": "provider[\"registry.terraform.io/hashicorp/aws\"]",
      "instances": [
        {
          "schema_version": 1,
          "attributes": {
            "actions_enabled": true,
            "alarm_actions": [
              "arn:aws:autoscaling:us-west-2:211125730474:scalingPolicy:a87cbff4-4dad-47dc-a733-261f452a80ba:autoScalingGroupName/terraform-20240824103218296000000004:policyName/scale_down_policy"
            ],
            "alarm_description": "",
            "alarm_name": "low_cpu_alarm",
            "arn": "arn:aws:cloudwatch:us-west-2:211125730474:alarm:low_cpu_alarm",
            "comparison_operator": "LessThanThreshold",
            "datapoints_to_alarm": 0,
            "dimensions": {
              "AutoScalingGroupName": "terraform-20240824103218296000000004"
            },
            "evaluate_low_sample_count_percentiles": "",
            "evaluation_periods": 1,
            "extended_statistic": "",
            "id": "low_cpu_alarm",
            "insufficient_data_actions": null,
            "metric_name": "CPUUtilization",
            "metric_query": [],
            "namespace": "AWS/EC2",
            "ok_actions": null,
            "period": 300,
            "statistic": "Average",
            "tags": null,
            "tags_all": {},
            "threshold": 30,
            "threshold_metric_id": "",
            "treat_missing_data": "missing",
            "unit": ""
          },
          "sensitive_attributes": [],
          "private": "eyJzY2hlbWFfdmVyc2lvbiI6IjEifQ==",
          "dependencies": [
            "module.ec2.aws_autoscaling_group.web_asg",
            "module.ec2.aws_autoscaling_policy.scale_down",
            "module.ec2.aws_key_pair.key_pair",
            "module.ec2.aws_launch_template.web_template",
            "module.ec2.aws_lb_target_group.elbwebtg",
            "module.ec2.aws_security_group.sg_ec2",
            "module.ec2.tls_private_key.rsa_4096"
          ]
        }
      ]
    },
    {
      "module": "module.ec2",
      "mode": "managed",
      "type": "aws_instance",
      "name": "public_instance",
      "provider": "provider[\"registry.terraform.io/hashicorp/aws\"]",
      "instances": [
        {
          "index_key": 0,
          "schema_version": 1,
          "attributes": {
            "ami": "ami-05134c8ef96964280",
            "arn": "arn:aws:ec2:us-west-2:211125730474:instance/i-0acd125cec5f2f00b",
            "associate_public_ip_address": true,
            "availability_zone": "us-west-2b",
            "capacity_reservation_specification": [
              {
                "capacity_reservation_preference": "open",
                "capacity_reservation_target": []
              }
            ],
            "cpu_core_count": 1,
            "cpu_options": [
              {
                "amd_sev_snp": "",
                "core_count": 1,
                "threads_per_core": 1
              }
            ],
            "cpu_threads_per_core": 1,
            "credit_specification": [
              {
                "cpu_credits": "standard"
              }
            ],
            "disable_api_stop": false,
            "disable_api_termination": false,
            "ebs_block_device": [],
            "ebs_optimized": false,
            "enclave_options": [
              {
                "enabled": false
              }
            ],
            "ephemeral_block_device": [],
            "get_password_data": false,
            "hibernation": false,
            "host_id": "",
            "host_resource_group_arn": null,
            "iam_instance_profile": "",
            "id": "i-0acd125cec5f2f00b",
            "instance_initiated_shutdown_behavior": "stop",
            "instance_state": "running",
            "instance_type": "t2.micro",
            "ipv6_address_count": 0,
            "ipv6_addresses": [],
            "key_name": "key_pair",
            "launch_template": [],
            "maintenance_options": [
              {
                "auto_recovery": "default"
              }
            ],
            "metadata_options": [
              {
                "http_endpoint": "enabled",
                "http_put_response_hop_limit": 2,
                "http_tokens": "required",
                "instance_metadata_tags": "disabled"
              }
            ],
            "monitoring": false,
            "network_interface": [],
            "outpost_arn": "",
            "password_data": "",
            "placement_group": "",
            "placement_partition_number": 0,
            "primary_network_interface_id": "eni-05110f8b5cd3f1199",
            "private_dns": "ip-172-31-23-62.us-west-2.compute.internal",
            "private_dns_name_options": [
              {
                "enable_resource_name_dns_a_record": false,
                "enable_resource_name_dns_aaaa_record": false,
                "hostname_type": "ip-name"
              }
            ],
            "private_ip": "172.31.23.62",
            "public_dns": "ec2-44-243-113-159.us-west-2.compute.amazonaws.com",
            "public_ip": "44.243.113.159",
            "root_block_device": [
              {
                "delete_on_termination": true,
                "device_name": "/dev/sda1",
                "encrypted": false,
                "iops": 100,
                "kms_key_id": "",
                "tags": null,
                "throughput": 0,
                "volume_id": "vol-05088974c58148907",
                "volume_size": 30,
                "volume_type": "gp2"
              }
            ],
            "secondary_private_ips": [],
            "security_groups": [
              "sg_ec2"
            ],
            "source_dest_check": true,
            "subnet_id": "subnet-02feb596245e3f156",
            "tags": {
              "Name": "public_instance-0"
            },
            "tags_all": {
              "Name": "public_instance-0"
            },
            "tenancy": "default",
            "timeouts": null,
            "user_data": "a528898b124c2133c579d18b27f00f160f2bc94c",
            "user_data_base64": null,
            "user_data_replace_on_change": false,
            "volume_tags": null,
            "vpc_security_group_ids": [
              "sg-044a5963e9258feed"
            ]
          },
          "sensitive_attributes": [],
          "private": "eyJlMmJmYjczMC1lY2FhLTExZTYtOGY4OC0zNDM2M2JjN2M0YzAiOnsiY3JlYXRlIjo2MDAwMDAwMDAwMDAsImRlbGV0ZSI6MTIwMDAwMDAwMDAwMCwidXBkYXRlIjo2MDAwMDAwMDAwMDB9LCJzY2hlbWFfdmVyc2lvbiI6IjEifQ==",
          "dependencies": [
            "module.ec2.aws_key_pair.key_pair",
            "module.ec2.aws_security_group.sg_ec2",
            "module.ec2.tls_private_key.rsa_4096"
          ]
        },
        {
          "index_key": 1,
          "schema_version": 1,
          "attributes": {
            "ami": "ami-05134c8ef96964280",
            "arn": "arn:aws:ec2:us-west-2:211125730474:instance/i-00ea5057a7beef8f7",
            "associate_public_ip_address": true,
            "availability_zone": "us-west-2b",
            "capacity_reservation_specification": [
              {
                "capacity_reservation_preference": "open",
                "capacity_reservation_target": []
              }
            ],
            "cpu_core_count": 1,
            "cpu_options": [
              {
                "amd_sev_snp": "",
                "core_count": 1,
                "threads_per_core": 1
              }
            ],
            "cpu_threads_per_core": 1,
            "credit_specification": [
              {
                "cpu_credits": "standard"
              }
            ],
            "disable_api_stop": false,
            "disable_api_termination": false,
            "ebs_block_device": [],
            "ebs_optimized": false,
            "enclave_options": [
              {
                "enabled": false
              }
            ],
            "ephemeral_block_device": [],
            "get_password_data": false,
            "hibernation": false,
            "host_id": "",
            "host_resource_group_arn": null,
            "iam_instance_profile": "",
            "id": "i-00ea5057a7beef8f7",
            "instance_initiated_shutdown_behavior": "stop",
            "instance_state": "running",
            "instance_type": "t2.micro",
            "ipv6_address_count": 0,
            "ipv6_addresses": [],
            "key_name": "key_pair",
            "launch_template": [],
            "maintenance_options": [
              {
                "auto_recovery": "default"
              }
            ],
            "metadata_options": [
              {
                "http_endpoint": "enabled",
                "http_put_response_hop_limit": 2,
                "http_tokens": "required",
                "instance_metadata_tags": "disabled"
              }
            ],
            "monitoring": false,
            "network_interface": [],
            "outpost_arn": "",
            "password_data": "",
            "placement_group": "",
            "placement_partition_number": 0,
            "primary_network_interface_id": "eni-030d32f1e7b2f4a74",
            "private_dns": "ip-172-31-27-95.us-west-2.compute.internal",
            "private_dns_name_options": [
              {
                "enable_resource_name_dns_a_record": false,
                "enable_resource_name_dns_aaaa_record": false,
                "hostname_type": "ip-name"
              }
            ],
            "private_ip": "172.31.27.95",
            "public_dns": "ec2-35-88-149-5.us-west-2.compute.amazonaws.com",
            "public_ip": "35.88.149.5",
            "root_block_device": [
              {
                "delete_on_termination": true,
                "device_name": "/dev/sda1",
                "encrypted": false,
                "iops": 100,
                "kms_key_id": "",
                "tags": null,
                "throughput": 0,
                "volume_id": "vol-02af996963d483c59",
                "volume_size": 30,
                "volume_type": "gp2"
              }
            ],
            "secondary_private_ips": [],
            "security_groups": [
              "sg_ec2"
            ],
            "source_dest_check": true,
            "subnet_id": "subnet-02feb596245e3f156",
            "tags": {
              "Name": "public_instance-1"
            },
            "tags_all": {
              "Name": "public_instance-1"
            },
            "tenancy": "default",
            "timeouts": null,
            "user_data": "a528898b124c2133c579d18b27f00f160f2bc94c",
            "user_data_base64": null,
            "user_data_replace_on_change": false,
            "volume_tags": null,
            "vpc_security_group_ids": [
              "sg-044a5963e9258feed"
            ]
          },
          "sensitive_attributes": [],
          "private": "eyJlMmJmYjczMC1lY2FhLTExZTYtOGY4OC0zNDM2M2JjN2M0YzAiOnsiY3JlYXRlIjo2MDAwMDAwMDAwMDAsImRlbGV0ZSI6MTIwMDAwMDAwMDAwMCwidXBkYXRlIjo2MDAwMDAwMDAwMDB9LCJzY2hlbWFfdmVyc2lvbiI6IjEifQ==",
          "dependencies": [
            "module.ec2.aws_key_pair.key_pair",
            "module.ec2.aws_security_group.sg_ec2",
            "module.ec2.tls_private_key.rsa_4096"
          ]
        }
      ]
    },
    {
      "module": "module.ec2",
      "mode": "managed",
      "type": "aws_key_pair",
      "name": "key_pair",
      "provider": "provider[\"registry.terraform.io/hashicorp/aws\"]",
      "instances": [
        {
          "schema_version": 1,
          "attributes": {
            "arn": "arn:aws:ec2:us-west-2:211125730474:key-pair/key_pair",
            "fingerprint": "99:0f:0f:c4:aa:e2:58:73:2d:7c:49:15:31:d8:62:53",
            "id": "key_pair",
            "key_name": "key_pair",
            "key_name_prefix": "",
            "key_pair_id": "key-05e5267d5ca81cc80",
            "key_type": "rsa",
            "public_key": "ssh-rsa AAAAB3NzaC1yc2EAAAADAQABAAACAQC89ff++v/PQiWXREOPeEcld6FIUacKKceqZN2TZE1Tu+UrXH7cpyv+yzVziQtEeDCDVcUM5seZA/mAq2+J16zJjrKPNayWtBayXrD8vOJ2RaUQ6yBVpuKFs6mJ/kXNlHRRMCo2LefABdvzA2tDTQAy00eEi5txPea24zQ58KEkvsQITeRSNOchNzUwpAE8Su2/KadGoRIwnIsdlDnBZ+Gq0peA9XzBrI9KibvR2kKha7CN+mUQM1Cpd2RXIyD9a//VecZfnZoPVb2y3Cs1E5mnciRjuDT7epLX7dGP29VMyfcSL2uh7rT8CU85zZExkVN3hyKNOl5QtAnS10fZqVzLYia0uqloxby0wUEr8kZbhaehF/Krv2YyG5vuNukpm5yA/9fZq505OqXQGnP7mu/x0gScm+fuwghnKGVgQ1o0wmUnWbCs9MNJz0A+lOAEEclSAMGqfHf8hdiIK3SwWwMFNBfnshiQ7FZv7FS5XiZ7SthMns6QpkVIufJYBCB0NTwQV5rOTo1g6Y4OkX1lPLFvnMi1xF9cD+pmUmqbwkjAZkCJhRVX8u4hbeDy/tTqRWd1fAD3/iskTWQzOpnuNy7NezZ9pC6vRoguHSi5YaMRo429YWiTcv3u+aDoRJHQr0Ur/PlZ2STYC14vT0SRMImyr1XY5u7hYxdVeLbZhVCPMw==",
            "tags": null,
            "tags_all": {}
          },
          "sensitive_attributes": [],
          "private": "eyJzY2hlbWFfdmVyc2lvbiI6IjEifQ==",
          "dependencies": [
            "module.ec2.tls_private_key.rsa_4096"
          ]
        }
      ]
    },
    {
      "module": "module.ec2",
      "mode": "managed",
      "type": "aws_launch_template",
      "name": "web_template",
      "provider": "provider[\"registry.terraform.io/hashicorp/aws\"]",
      "instances": [
        {
          "schema_version": 0,
          "attributes": {
            "arn": "arn:aws:ec2:us-west-2:211125730474:launch-template/lt-01513ba84dad67516",
            "block_device_mappings": [
              {
                "device_name": "/dev/xvda",
                "ebs": [
                  {
                    "delete_on_termination": "",
                    "encrypted": "",
                    "iops": 0,
                    "kms_key_id": "",
                    "snapshot_id": "",
                    "throughput": 0,
                    "volume_size": 30,
                    "volume_type": "gp2"
                  }
                ],
                "no_device": "",
                "virtual_name": ""
              }
            ],
            "capacity_reservation_specification": [],
            "cpu_options": [],
            "credit_specification": [],
            "default_version": 1,
            "description": "",
            "disable_api_stop": false,
            "disable_api_termination": false,
            "ebs_optimized": "",
            "elastic_gpu_specifications": [],
            "elastic_inference_accelerator": [],
            "enclave_options": [],
            "hibernation_options": [],
            "iam_instance_profile": [],
            "id": "lt-01513ba84dad67516",
            "image_id": "ami-05134c8ef96964280",
            "instance_initiated_shutdown_behavior": "",
            "instance_market_options": [],
            "instance_requirements": [],
            "instance_type": "t2.micro",
            "kernel_id": "",
            "key_name": "key_pair",
            "latest_version": 1,
            "license_specification": [],
            "maintenance_options": [],
            "metadata_options": [],
            "monitoring": [],
            "name": "web-instance-template",
            "name_prefix": "",
            "network_interfaces": [
              {
                "associate_carrier_ip_address": "",
                "associate_public_ip_address": "",
                "delete_on_termination": "",
                "description": "",
                "device_index": 0,
                "interface_type": "",
                "ipv4_address_count": 0,
                "ipv4_addresses": null,
                "ipv4_prefix_count": 0,
                "ipv4_prefixes": null,
                "ipv6_address_count": 0,
                "ipv6_addresses": null,
                "ipv6_prefix_count": 0,
                "ipv6_prefixes": null,
                "network_card_index": 0,
                "network_interface_id": "",
                "private_ip_address": "",
                "security_groups": [
                  "sg-044a5963e9258feed"
                ],
                "subnet_id": "subnet-0261dd6b028a0669a"
              }
            ],
            "placement": [],
            "private_dns_name_options": [],
            "ram_disk_id": "",
            "security_group_names": null,
            "tag_specifications": [
              {
                "resource_type": "instance",
                "tags": {
                  "Name": "autoscaling_instance"
                }
              }
            ],
            "tags": null,
            "tags_all": {},
            "update_default_version": null,
            "user_data": "IyEvYmluL2Jhc2gNCnN1ZG8gYXB0LWdldCB1cGRhdGUgLXkNCnN1ZG8gYXB0LWdldCBpbnN0YWxsIC15IG5naW54IHN0cmVzcw0KZWNobyAiPCEtLWF1dG9zY2FsZS5odG1sLS0+IiA+IC92YXIvd3d3L2h0bWwvaW5kZXguaHRtbA0KZWNobyAiPCFET0NUWVBFIGh0bWw+IiA+PiAvdmFyL3d3dy9odG1sL2luZGV4Lmh0bWwNCmVjaG8gIjxodG1sPiIgPj4gL3Zhci93d3cvaHRtbC9pbmRleC5odG1sDQplY2hvICI8aGVhZD4iID4+IC92YXIvd3d3L2h0bWwvaW5kZXguaHRtbA0KZWNobyAiICA8bWV0YSBuYW1lPSd2aWV3cG9ydCcgY29udGVudD0nd2lkdGg9ZGV2aWNlLXdpZHRoLCBpbml0aWFsLXNjYWxlPTEnPiIgPj4gL3Zhci93d3cvaHRtbC9pbmRleC5odG1sDQplY2hvICIgIDxsaW5rIGhyZWY9J2h0dHBzOi8vY2RuLmpzZGVsaXZyLm5ldC9ucG0vYm9vdHN0cmFwQDUuMS4zL2Rpc3QvY3NzL2Jvb3RzdHJhcC5taW4uY3NzJyByZWw9J3N0eWxlc2hlZXQnPiIgPj4gL3Zhci93d3cvaHRtbC9pbmRleC5odG1sDQplY2hvICIgIDxzY3JpcHQgc3JjPSdodHRwczovL2Nkbi5qc2RlbGl2ci5uZXQvbnBtL2Jvb3RzdHJhcEA1LjEuMy9kaXN0L2pzL2Jvb3RzdHJhcC5idW5kbGUubWluLmpzJz48L3NjcmlwdD4iID4+IC92YXIvd3d3L2h0bWwvaW5kZXguaHRtbA0KZWNobyAiICA8dGl0bGU+QVdTLUFVVE9TQ0FMRS1XRUItU0VSVkVSPC90aXRsZT4iID4+IC92YXIvd3d3L2h0bWwvaW5kZXguaHRtbA0KZWNobyAiPC9oZWFkPiIgPj4gL3Zhci93d3cvaHRtbC9pbmRleC5odG1sDQplY2hvICI8Ym9keSBzdHlsZT0nYmFja2dyb3VuZC1jb2xvcjogYmxhY2s7Jz4iID4+IC92YXIvd3d3L2h0bWwvaW5kZXguaHRtbA0KZWNobyAiIiA+PiAvdmFyL3d3dy9odG1sL2luZGV4Lmh0bWwNCmVjaG8gIjxkaXYgY2xhc3M9J2NvbnRhaW5lciBtdC0zJz4iID4+IC92YXIvd3d3L2h0bWwvaW5kZXguaHRtbA0KZWNobyAiICA8aDI+QVVUT1NDQUxFIEFXUyBXRUIgU0VSVkVSPC9oMj4iID4+IC92YXIvd3d3L2h0bWwvaW5kZXguaHRtbA0KZWNobyAiICA8ZGl2IGNsYXNzPSdtdC00IHAtNSBiZy1wcmltYXJ5IHRleHQtd2hpdGUgcm91bmRlZCc+IiA+PiAvdmFyL3d3dy9odG1sL2luZGV4Lmh0bWwNCmVjaG8gIiAgICA8aDE+TkdJTlggLSBJVCBXT1JLUyE8L2gxPiIgPj4gL3Zhci93d3cvaHRtbC9pbmRleC5odG1sDQplY2hvICIgICAgPHA+VGhpcyBpbnN0YW5jZSBpcyBwYXJ0IG9mIGFuIGF1dG8tc2NhbGluZyBncm91cC48L3A+IiA+PiAvdmFyL3d3dy9odG1sL2luZGV4Lmh0bWwNCmVjaG8gIiAgPC9kaXY+IiA+PiAvdmFyL3d3dy9odG1sL2luZGV4Lmh0bWwNCmVjaG8gIjwvZGl2PiIgPj4gL3Zhci93d3cvaHRtbC9pbmRleC5odG1sDQplY2hvICIiID4+IC92YXIvd3d3L2h0bWwvaW5kZXguaHRtbA0KZWNobyAiPC9ib2R5PiIgPj4gL3Zhci93d3cvaHRtbC9pbmRleC5odG1sDQplY2hvICI8L2h0bWw+IiA+PiAvdmFyL3d3dy9odG1sL2luZGV4Lmh0bWwNCg==",
            "vpc_security_group_ids": null
          },
          "sensitive_attributes": [],
          "private": "bnVsbA==",
          "dependencies": [
            "module.ec2.aws_key_pair.key_pair",
            "module.ec2.aws_security_group.sg_ec2",
            "module.ec2.tls_private_key.rsa_4096"
          ]
        }
      ]
    },
    {
      "module": "module.ec2",
      "mode": "managed",
      "type": "aws_lb",
      "name": "elbweb",
      "provider": "provider[\"registry.terraform.io/hashicorp/aws\"]",
      "instances": [
        {
          "schema_version": 0,
          "attributes": {
            "access_logs": [
              {
                "bucket": "",
                "enabled": false,
                "prefix": ""
              }
            ],
            "arn": "arn:aws:elasticloadbalancing:us-west-2:211125730474:loadbalancer/app/elbweb/f7abd972b2fbb25a",
            "arn_suffix": "app/elbweb/f7abd972b2fbb25a",
            "customer_owned_ipv4_pool": "",
            "desync_mitigation_mode": "defensive",
            "dns_name": "elbweb-1891913177.us-west-2.elb.amazonaws.com",
            "drop_invalid_header_fields": false,
            "enable_cross_zone_load_balancing": true,
            "enable_deletion_protection": false,
            "enable_http2": true,
            "enable_tls_version_and_cipher_suite_headers": false,
            "enable_waf_fail_open": false,
            "enable_xff_client_port": false,
            "id": "arn:aws:elasticloadbalancing:us-west-2:211125730474:loadbalancer/app/elbweb/f7abd972b2fbb25a",
            "idle_timeout": 60,
            "internal": false,
            "ip_address_type": "ipv4",
            "load_balancer_type": "application",
            "name": "elbweb",
            "name_prefix": null,
            "preserve_host_header": false,
            "security_groups": [
              "sg-0e5934f2076e713f7"
            ],
            "subnet_mapping": [
              {
                "allocation_id": "",
                "ipv6_address": "",
                "outpost_id": "",
                "private_ipv4_address": "",
                "subnet_id": "subnet-0261dd6b028a0669a"
              },
              {
                "allocation_id": "",
                "ipv6_address": "",
                "outpost_id": "",
                "private_ipv4_address": "",
                "subnet_id": "subnet-02feb596245e3f156"
              }
            ],
            "subnets": [
              "subnet-0261dd6b028a0669a",
              "subnet-02feb596245e3f156"
            ],
            "tags": null,
            "tags_all": {},
            "timeouts": null,
            "vpc_id": "vpc-0ddba42b76c2cb0f7",
            "xff_header_processing_mode": "append",
            "zone_id": "Z1H1FL5HABSF5"
          },
          "sensitive_attributes": [],
          "private": "eyJlMmJmYjczMC1lY2FhLTExZTYtOGY4OC0zNDM2M2JjN2M0YzAiOnsiY3JlYXRlIjo2MDAwMDAwMDAwMDAsImRlbGV0ZSI6NjAwMDAwMDAwMDAwLCJ1cGRhdGUiOjYwMDAwMDAwMDAwMH19"
        }
      ]
    },
    {
      "module": "module.ec2",
      "mode": "managed",
      "type": "aws_lb_target_group",
      "name": "elbwebtg",
      "provider": "provider[\"registry.terraform.io/hashicorp/aws\"]",
      "instances": [
        {
          "schema_version": 0,
          "attributes": {
            "arn": "arn:aws:elasticloadbalancing:us-west-2:211125730474:targetgroup/elbwebtg/bdbad21846f86f2e",
            "arn_suffix": "targetgroup/elbwebtg/bdbad21846f86f2e",
            "connection_termination": false,
            "deregistration_delay": "300",
            "health_check": [
              {
                "enabled": true,
                "healthy_threshold": 5,
                "interval": 30,
                "matcher": "200",
                "path": "/",
                "port": "traffic-port",
                "protocol": "HTTP",
                "timeout": 5,
                "unhealthy_threshold": 2
              }
            ],
            "id": "arn:aws:elasticloadbalancing:us-west-2:211125730474:targetgroup/elbwebtg/bdbad21846f86f2e",
            "ip_address_type": "ipv4",
            "lambda_multi_value_headers_enabled": false,
            "load_balancing_algorithm_type": "round_robin",
            "load_balancing_cross_zone_enabled": "use_load_balancer_configuration",
            "name": "elbwebtg",
            "name_prefix": null,
            "port": 80,
            "preserve_client_ip": null,
            "protocol": "HTTP",
            "protocol_version": "HTTP1",
            "proxy_protocol_v2": false,
            "slow_start": 0,
            "stickiness": [
              {
                "cookie_duration": 86400,
                "cookie_name": "",
                "enabled": false,
                "type": "lb_cookie"
              }
            ],
            "tags": null,
            "tags_all": {},
            "target_failover": [
              {
                "on_deregistration": null,
                "on_unhealthy": null
              }
            ],
            "target_type": "instance",
            "vpc_id": "vpc-0ddba42b76c2cb0f7"
          },
          "sensitive_attributes": [],
          "private": "bnVsbA=="
        }
      ]
    },
    {
      "module": "module.ec2",
      "mode": "managed",
      "type": "aws_lb_target_group_attachment",
      "name": "elbwebtgattachment",
      "provider": "provider[\"registry.terraform.io/hashicorp/aws\"]",
      "instances": [
        {
          "index_key": 0,
          "schema_version": 0,
          "attributes": {
            "availability_zone": null,
            "id": "arn:aws:elasticloadbalancing:us-west-2:211125730474:targetgroup/elbwebtg/bdbad21846f86f2e-20240824103347926500000005",
            "port": 80,
            "target_group_arn": "arn:aws:elasticloadbalancing:us-west-2:211125730474:targetgroup/elbwebtg/bdbad21846f86f2e",
            "target_id": "i-0acd125cec5f2f00b"
          },
          "sensitive_attributes": [],
          "private": "bnVsbA==",
          "dependencies": [
            "module.ec2.aws_instance.public_instance",
            "module.ec2.aws_key_pair.key_pair",
            "module.ec2.aws_lb_target_group.elbwebtg",
            "module.ec2.aws_security_group.sg_ec2",
            "module.ec2.tls_private_key.rsa_4096"
          ]
        },
        {
          "index_key": 1,
          "schema_version": 0,
          "attributes": {
            "availability_zone": null,
            "id": "arn:aws:elasticloadbalancing:us-west-2:211125730474:targetgroup/elbwebtg/bdbad21846f86f2e-20240824103347962500000006",
            "port": 80,
            "target_group_arn": "arn:aws:elasticloadbalancing:us-west-2:211125730474:targetgroup/elbwebtg/bdbad21846f86f2e",
            "target_id": "i-00ea5057a7beef8f7"
          },
          "sensitive_attributes": [],
          "private": "bnVsbA==",
          "dependencies": [
            "module.ec2.aws_instance.public_instance",
            "module.ec2.aws_key_pair.key_pair",
            "module.ec2.aws_lb_target_group.elbwebtg",
            "module.ec2.aws_security_group.sg_ec2",
            "module.ec2.tls_private_key.rsa_4096"
          ]
        }
      ]
    },
    {
      "module": "module.ec2",
      "mode": "managed",
      "type": "aws_security_group",
      "name": "sg_ec2",
      "provider": "provider[\"registry.terraform.io/hashicorp/aws\"]",
      "instances": [
        {
          "schema_version": 1,
          "attributes": {
            "arn": "arn:aws:ec2:us-west-2:211125730474:security-group/sg-044a5963e9258feed",
            "description": "Security group for EC2",
            "egress": [
              {
                "cidr_blocks": [
                  "0.0.0.0/0"
                ],
                "description": "",
                "from_port": 0,
                "ipv6_cidr_blocks": [],
                "prefix_list_ids": [],
                "protocol": "-1",
                "security_groups": [],
                "self": false,
                "to_port": 0
              }
            ],
            "id": "sg-044a5963e9258feed",
            "ingress": [
              {
                "cidr_blocks": [
                  "0.0.0.0/0"
                ],
                "description": "",
                "from_port": 22,
                "ipv6_cidr_blocks": [],
                "prefix_list_ids": [],
                "protocol": "tcp",
                "security_groups": [],
                "self": false,
                "to_port": 22
              },
              {
                "cidr_blocks": [
                  "0.0.0.0/0"
                ],
                "description": "",
                "from_port": 443,
                "ipv6_cidr_blocks": [],
                "prefix_list_ids": [],
                "protocol": "tcp",
                "security_groups": [],
                "self": false,
                "to_port": 443
              },
              {
                "cidr_blocks": [
                  "0.0.0.0/0"
                ],
                "description": "",
                "from_port": 8080,
                "ipv6_cidr_blocks": [],
                "prefix_list_ids": [],
                "protocol": "tcp",
                "security_groups": [],
                "self": false,
                "to_port": 8080
              },
              {
                "cidr_blocks": [
                  "0.0.0.0/0"
                ],
                "description": "",
                "from_port": 80,
                "ipv6_cidr_blocks": [],
                "prefix_list_ids": [],
                "protocol": "tcp",
                "security_groups": [],
                "self": false,
                "to_port": 80
              }
            ],
            "name": "sg_ec2",
            "name_prefix": "",
            "owner_id": "211125730474",
            "revoke_rules_on_delete": false,
            "tags": null,
            "tags_all": {},
            "timeouts": null,
            "vpc_id": "vpc-0ddba42b76c2cb0f7"
          },
          "sensitive_attributes": [],
          "private": "eyJlMmJmYjczMC1lY2FhLTExZTYtOGY4OC0zNDM2M2JjN2M0YzAiOnsiY3JlYXRlIjo2MDAwMDAwMDAwMDAsImRlbGV0ZSI6OTAwMDAwMDAwMDAwfSwic2NoZW1hX3ZlcnNpb24iOiIxIn0="
        }
      ]
    },
    {
      "module": "module.ec2",
      "mode": "managed",
      "type": "local_file",
      "name": "private_key",
      "provider": "provider[\"registry.terraform.io/hashicorp/local\"]",
      "instances": [
        {
          "schema_version": 0,
          "attributes": {
            "content": "-----BEGIN RSA PRIVATE KEY-----\nMIIJJwIBAAKCAgEAvPX3/vr/z0Ill0RDj3hHJXehSFGnCinHqmTdk2RNU7vlK1x+\n3Kcr/ss1c4kLRHgwg1XFDObHmQP5gKtvidesyY6yjzWslrQWsl6w/LzidkWlEOsg\nVabihbOpif5FzZR0UTAqNi3nwAXb8wNrQ00AMtNHhIubcT3mtuM0OfChJL7ECE3k\nUjTnITc1MKQBPErtvymnRqESMJyLHZQ5wWfhqtKXgPV8wayPSom70dpCoWuwjfpl\nEDNQqXdkVyMg/Wv/1XnGX52aD1W9stwrNROZp3IkY7g0+3qS1+3Rj9vVTMn3Ei9r\noe60/AlPOc2RMZFTd4cijTpeULQJ0tdH2alcy2ImtLqpaMW8tMFBK/JGW4WnoRfy\nq79mMhub7jbpKZucgP/X2audOTql0Bpz+5rv8dIEnJvn7sIIZyhlYENaNMJlJ1mw\nrPTDSc9APpTgBBHJUgDBqnx3/IXYiCt0sFsDBTQX57IYkOxWb+xUuV4me0rYTJ7O\nkKZFSLnyWAQgdDU8EFeazk6NYOmODpF9ZTyxb5zItcRfXA/qZlJqm8JIwGZAiYUV\nV/LuIW3g8v7U6kVndXwA9/4rJE1kMzqZ7jcuzXs2faQur0aILh0ouWGjEaONvWFo\nk3L97vmg6ESR0K9FK/z5Wdkk2AteL09EkTCJsq9V2Obu4WMXVXi22YVQjzMCAwEA\nAQKCAgAjs10dgZKfN+IeSDlze8gFXirMnRCwLOCaYuAyHrs1XMSZgqo9SiBXzVDV\n+Uh1sTeJOMU4AMopMMUM+FbkdikhE6LMx9lJx9CZ9qX9ujoXGmVrYuEDDbqyhBU+\nCxppEuk/BZiUD+w/LVw296hmWL/22lAizLWbmZRjbV3KrJnldV1YLE888N3SOroD\n7JiHKajtexMtlvT21jy6Y+zdi6DpQ0x4gukFNnMEJC2mIlSAZvY+fNZnTyqoOfRt\nOifbeXImhRFjs0UOLKbgihRnvMJFDp2tcXohITFpNndndKNCFM5nUypEt/Ldw2yC\ngUIzWT+pz5BJmoODP+CzQxVCHGt5dniHnX5L5SRnRpIn6x6RbA6I+8jys+9ahUV0\nB5anGEiq30bY+iRdZ+mUpE/aixkCtQ/yvyQUPsxoi0NjRy/Y67Ez1GOndx9G8D9Q\nr/6dSXesMBGAOCWsMUWw4hXCgw0KS2WOH3zta1NGpms55OxSc7vn5Yrt4TJyr4bQ\npl7/QiLAkXfzLm55pwWexNAlrX2rwiaeIGZXG08BPl0b1YCI0edMUt6jd2WRfCNw\nzZtULyzAnfQnoB0TSmm4/F5pQJ3bIjL+DEtLDpup4BZUdKWkiHDLLi63/ZMhM02m\nkqXVijqmQgZztzR0NnU8kfdpclBOrtvP3bddlr6Vx4a2rcguMQKCAQEA1jDZI4oI\nU7Fa2kyDAZt1STxU4HEV/HXaadiADD6Qo9h9gGP8BjhCRoGci12ANB2ILbCZJURI\nHthamxc05JRhNxUIXFCDIfEGM0Y9+sQwUwkRcqZ6Z+LDhKE7tA2aueBan3Dnevxi\nr04qyXxgnwrBiSQmou/GuXbJ6N23B7WhHd819bjxErviL2UnD+/7QfTWZlPKxhgS\nTRKNC2+da0+QW3iNcBgqxhfdARB0AxyyJrvoMSK0tmdRJMmlQGfEdSakrG2HOKim\nff7CPIvFgd7ylsyWJGsGkQAVxAcwyr+LklpdZSOEHkQfNBA5dRQvUlQE0nYh9+cS\nlDcmRzQbE9MG/wKCAQEA4dhfie8CbSio8aLGr50JKgTki317MkC33MSvb/SZu+/H\nn6uZz6BvkSDXLzo7fuWlBP3ifBSXZwJpboAxMFAkGqwNgcpFeInGk17WJkJr/tL9\nsmsSG9JKRQhyDvrRIvGDqTTiQYzM2mW47GOmRnwgTepTMPJxLz/2kV65mzW9BzHK\n9EB12ZO3Q3U9y5eI4ClyuB+l1Z8Vyn2cYZpP8+PtSylHAV53hbgFnrSGEuoXkREy\nBIPrxwbdtqmeWaUf+l6WODnNdOHjCFNTPNyJyk2gzjSR5uauFL8lM84HBxtqM/II\ngtCMIirgEEv0TCaiwJug5WG/Fuh6iKjDmPWHOvkLzQKCAQBlsP12tRMtARg8anUM\nb01o/t7hTG9+1EllVWe96Hptf9xd95pxLYaxyNmVBUhX9elwn9al7dw74MZrucHg\nAF6Dc1Xr1kHb/H3QHDpS85Bp6/U/tLCK4AupzY719juOomkEJ+uO5YLI7li8HnQV\nLlsijGpXk3WLGk3UZGeAnognEZGh3zN9jHxfuiuokmx9LQwZuxCbqlQOCY+zbUOU\n7kqAUyT7ok20jSHdXn1l+NrQLwiXQ33+1+Cbka0Gff21DSrDvqCjktaxHSIE8utL\ntJkCZZGnKrUMZLjwv+U3bWeLjaGn4gvY/si9xDIzVuj8sm0zquiHtUqJ2gEvbxqn\n99nrAoIBAD/hPLy+DvijPI4EVaCMkXACLEbMOlFvftICDAFltSo0W0ltdzcEESqC\nmHryRKvS9scfrLUd+ekYBIxN1BvvPxcQPU3N0bKTfchnVblCpltQgJO7t0aJR5qZ\nFfHovcjdeTkeDTUvRy4rAZBTa0+agmSnd9praNpNhEd//I3LOGlViytlJDBjmL2K\n5uy0MvH8p0cvJG/07Gv29Ymh5SV9/bt5tGzNtI7tCyHlu9qTvhC5RWWDjugfqAyn\nk3OVwiLGKEVFDDkYP2g2cV/QnWTMakSJGA+wheK2YiZyCwjWl0aUGhYuOMTdTb0u\nTq5Pa0+BdZQL/snS/f2zhoe4QwTKNq0CggEAGBL6KHZplR7trc3zBtrqgNIdklgO\nFsZk5vwL7vq1t63Sh92WjWfsgx1q1mnvAQU+ct/CFEjMjMat5s4Rd1aQWSs+WSzH\n0R+DWUG3x9R3upO2LLIolJUFeJ2pptRsm+snrHHq9NDHOeTbQk7/W2XMnA2EagBF\nZ/O9eEb3XnZtr2ze8zfvpfew0E45NNgl2UO+WOYkE61T785oClWMOa+UN8fcd3ey\nUFe+UxqX76GdDzu90n9JRjuVuoqr2BrfXGxu3C1jO6YiDla4eR61ftcuCos4EOtW\nBH7qVzMo5Rl6fmAUGzOBNrmXmJrEAuOo/H+sRH/LmyJa182gxEoBIsFlDw==\n-----END RSA PRIVATE KEY-----\n",
            "content_base64": null,
            "content_base64sha256": "kkPF2pixGATeBnMQf78556EQ5L+wRJpMezysjnGNv6w=",
            "content_base64sha512": "jhcRBq2ihi/I9SvziFf3oBhTFcdU9FhwMT0wmhcMWs7w1nGJQHwljgo5RBVjprkogY7CE2KO3sJ/2wBB87GMEw==",
            "content_md5": "e1499eec4280966348dcd01d60b14700",
            "content_sha1": "ce6906796bbc8f26a7ceb055dca20e313b689c16",
            "content_sha256": "9243c5da98b11804de0673107fbf39e7a110e4bfb0449a4c7b3cac8e718dbfac",
            "content_sha512": "8e171106ada2862fc8f52bf38857f7a0185315c754f45870313d309a170c5acef0d67189407c258e0a39441563a6b928818ec213628edec27fdb0041f3b18c13",
            "directory_permission": "0777",
            "file_permission": "0777",
            "filename": "key_pair",
            "id": "ce6906796bbc8f26a7ceb055dca20e313b689c16",
            "sensitive_content": null,
            "source": null
          },
          "sensitive_attributes": [
            [
              {
                "type": "get_attr",
                "value": "sensitive_content"
              }
            ],
            [
              {
                "type": "get_attr",
                "value": "content"
              }
            ]
          ],
          "dependencies": [
            "module.ec2.tls_private_key.rsa_4096"
          ]
        }
      ]
    },
    {
      "module": "module.ec2",
      "mode": "managed",
      "type": "tls_private_key",
      "name": "rsa_4096",
      "provider": "provider[\"registry.terraform.io/hashicorp/tls\"]",
      "instances": [
        {
          "schema_version": 1,
          "attributes": {
            "algorithm": "RSA",
            "ecdsa_curve": "P224",
            "id": "50298ede84164c90303cdbdf29c46ba3a5559b53",
            "private_key_openssh": "-----BEGIN OPENSSH PRIVATE KEY-----\nb3BlbnNzaC1rZXktdjEAAAAABG5vbmUAAAAEbm9uZQAAAAAAAAABAAACFwAAAAdz\nc2gtcnNhAAAAAwEAAQAAAgEAvPX3/vr/z0Ill0RDj3hHJXehSFGnCinHqmTdk2RN\nU7vlK1x+3Kcr/ss1c4kLRHgwg1XFDObHmQP5gKtvidesyY6yjzWslrQWsl6w/Lzi\ndkWlEOsgVabihbOpif5FzZR0UTAqNi3nwAXb8wNrQ00AMtNHhIubcT3mtuM0OfCh\nJL7ECE3kUjTnITc1MKQBPErtvymnRqESMJyLHZQ5wWfhqtKXgPV8wayPSom70dpC\noWuwjfplEDNQqXdkVyMg/Wv/1XnGX52aD1W9stwrNROZp3IkY7g0+3qS1+3Rj9vV\nTMn3Ei9roe60/AlPOc2RMZFTd4cijTpeULQJ0tdH2alcy2ImtLqpaMW8tMFBK/JG\nW4WnoRfyq79mMhub7jbpKZucgP/X2audOTql0Bpz+5rv8dIEnJvn7sIIZyhlYENa\nNMJlJ1mwrPTDSc9APpTgBBHJUgDBqnx3/IXYiCt0sFsDBTQX57IYkOxWb+xUuV4m\ne0rYTJ7OkKZFSLnyWAQgdDU8EFeazk6NYOmODpF9ZTyxb5zItcRfXA/qZlJqm8JI\nwGZAiYUVV/LuIW3g8v7U6kVndXwA9/4rJE1kMzqZ7jcuzXs2faQur0aILh0ouWGj\nEaONvWFok3L97vmg6ESR0K9FK/z5Wdkk2AteL09EkTCJsq9V2Obu4WMXVXi22YVQ\njzMAAAc4CwvQhgsL0IYAAAAHc3NoLXJzYQAAAgEAvPX3/vr/z0Ill0RDj3hHJXeh\nSFGnCinHqmTdk2RNU7vlK1x+3Kcr/ss1c4kLRHgwg1XFDObHmQP5gKtvidesyY6y\njzWslrQWsl6w/LzidkWlEOsgVabihbOpif5FzZR0UTAqNi3nwAXb8wNrQ00AMtNH\nhIubcT3mtuM0OfChJL7ECE3kUjTnITc1MKQBPErtvymnRqESMJyLHZQ5wWfhqtKX\ngPV8wayPSom70dpCoWuwjfplEDNQqXdkVyMg/Wv/1XnGX52aD1W9stwrNROZp3Ik\nY7g0+3qS1+3Rj9vVTMn3Ei9roe60/AlPOc2RMZFTd4cijTpeULQJ0tdH2alcy2Im\ntLqpaMW8tMFBK/JGW4WnoRfyq79mMhub7jbpKZucgP/X2audOTql0Bpz+5rv8dIE\nnJvn7sIIZyhlYENaNMJlJ1mwrPTDSc9APpTgBBHJUgDBqnx3/IXYiCt0sFsDBTQX\n57IYkOxWb+xUuV4me0rYTJ7OkKZFSLnyWAQgdDU8EFeazk6NYOmODpF9ZTyxb5zI\ntcRfXA/qZlJqm8JIwGZAiYUVV/LuIW3g8v7U6kVndXwA9/4rJE1kMzqZ7jcuzXs2\nfaQur0aILh0ouWGjEaONvWFok3L97vmg6ESR0K9FK/z5Wdkk2AteL09EkTCJsq9V\n2Obu4WMXVXi22YVQjzMAAAADAQABAAACACOzXR2Bkp834h5IOXN7yAVeKsydELAs\n4Jpi4DIeuzVcxJmCqj1KIFfNUNX5SHWxN4k4xTgAyikwxQz4VuR2KSEToszH2UnH\n0Jn2pf26OhcaZWti4QMNurKEFT4LGmkS6T8FmJQP7D8tXDb3qGZYv/baUCLMtZuZ\nlGNtXcqsmeV1XVgsTzzw3dI6ugPsmIcpqO17Ey2W9PbWPLpj7N2LoOlDTHiC6QU2\ncwQkLaYiVIBm9j581mdPKqg59G06J9t5ciaFEWOzRQ4spuCKFGe8wkUOna1xeiEh\nMWk2d2d0o0IUzmdTKkS38t3DbIKBQjNZP6nPkEmag4M/4LNDFUIca3l2eIedfkvl\nJGdGkifrHpFsDoj7yPKz71qFRXQHlqcYSKrfRtj6JF1n6ZSkT9qLGQK1D/K/JBQ+\nzGiLQ2NHL9jrsTPUY6d3H0bwP1Cv/p1Jd6wwEYA4JawxRbDiFcKDDQpLZY4ffO1r\nU0amaznk7FJzu+fliu3hMnKvhtCmXv9CIsCRd/MubnmnBZ7E0CWtfavCJp4gZlcb\nTwE+XRvVgIjR50xS3qN3ZZF8I3DNm1QvLMCd9CegHRNKabj8XmlAndsiMv4MS0sO\nm6ngFlR0paSIcMsuLrf9kyEzTaaSpdWKOqZCBnO3NHQ2dTyR92lyUE6u28/dt12W\nvpXHhratyC4xAAABABgS+ih2aZUe7a3N8wba6oDSHZJYDhbGZOb8C+76tbet0ofd\nlo1n7IMdatZp7wEFPnLfwhRIzIzGrebOEXdWkFkrPlksx9Efg1lBt8fUd7qTtiyy\nKJSVBXidqabUbJvrJ6xx6vTQxznk20JO/1tlzJwNhGoARWfzvXhG9152ba9s3vM3\n76X3sNBOOTTYJdlDvljmJBOtU+/OaApVjDmvlDfH3Hd3slBXvlMal++hnQ87vdJ/\nSUY7lbqKq9ga31xsbtwtYzumIg5WuHketX7XLgqLOBDrVgR+6lczKOUZen5gFBsz\ngTa5l5iaxALjqPx/rER/y5siWtfNoMRKASLBZQ8AAAEBANYw2SOKCFOxWtpMgwGb\ndUk8VOBxFfx12mnYgAw+kKPYfYBj/AY4QkaBnItdgDQdiC2wmSVESB7YWpsXNOSU\nYTcVCFxQgyHxBjNGPfrEMFMJEXKmemfiw4ShO7QNmrngWp9w53r8Yq9OKsl8YJ8K\nwYkkJqLvxrl2yejdtwe1oR3fNfW48RK74i9lJw/v+0H01mZTysYYEk0SjQtvnWtP\nkFt4jXAYKsYX3QEQdAMcsia76DEitLZnUSTJpUBnxHUmpKxthziopn3+wjyLxYHe\n8pbMliRrBpEAFcQHMMq/i5JaXWUjhB5EHzQQOXUUL1JUBNJ2IffnEpQ3Jkc0GxPT\nBv8AAAEBAOHYX4nvAm0oqPGixq+dCSoE5It9ezJAt9zEr2/0mbvvx5+rmc+gb5Eg\n1y86O37lpQT94nwUl2cCaW6AMTBQJBqsDYHKRXiJxpNe1iZCa/7S/bJrEhvSSkUI\ncg760SLxg6k04kGMzNpluOxjpkZ8IE3qUzDycS8/9pFeuZs1vQcxyvRAddmTt0N1\nPcuXiOApcrgfpdWfFcp9nGGaT/Pj7UspRwFed4W4BZ60hhLqF5ERMgSD68cG3bap\nnlmlH/peljg5zXTh4whTUzzcicpNoM40kebmrhS/JTPOBwcbajPyCILQjCIq4BBL\n9EwmosCboOVhvxboeoiow5j1hzr5C80AAAAAAQID\n-----END OPENSSH PRIVATE KEY-----\n",
            "private_key_pem": "-----BEGIN RSA PRIVATE KEY-----\nMIIJJwIBAAKCAgEAvPX3/vr/z0Ill0RDj3hHJXehSFGnCinHqmTdk2RNU7vlK1x+\n3Kcr/ss1c4kLRHgwg1XFDObHmQP5gKtvidesyY6yjzWslrQWsl6w/LzidkWlEOsg\nVabihbOpif5FzZR0UTAqNi3nwAXb8wNrQ00AMtNHhIubcT3mtuM0OfChJL7ECE3k\nUjTnITc1MKQBPErtvymnRqESMJyLHZQ5wWfhqtKXgPV8wayPSom70dpCoWuwjfpl\nEDNQqXdkVyMg/Wv/1XnGX52aD1W9stwrNROZp3IkY7g0+3qS1+3Rj9vVTMn3Ei9r\noe60/AlPOc2RMZFTd4cijTpeULQJ0tdH2alcy2ImtLqpaMW8tMFBK/JGW4WnoRfy\nq79mMhub7jbpKZucgP/X2audOTql0Bpz+5rv8dIEnJvn7sIIZyhlYENaNMJlJ1mw\nrPTDSc9APpTgBBHJUgDBqnx3/IXYiCt0sFsDBTQX57IYkOxWb+xUuV4me0rYTJ7O\nkKZFSLnyWAQgdDU8EFeazk6NYOmODpF9ZTyxb5zItcRfXA/qZlJqm8JIwGZAiYUV\nV/LuIW3g8v7U6kVndXwA9/4rJE1kMzqZ7jcuzXs2faQur0aILh0ouWGjEaONvWFo\nk3L97vmg6ESR0K9FK/z5Wdkk2AteL09EkTCJsq9V2Obu4WMXVXi22YVQjzMCAwEA\nAQKCAgAjs10dgZKfN+IeSDlze8gFXirMnRCwLOCaYuAyHrs1XMSZgqo9SiBXzVDV\n+Uh1sTeJOMU4AMopMMUM+FbkdikhE6LMx9lJx9CZ9qX9ujoXGmVrYuEDDbqyhBU+\nCxppEuk/BZiUD+w/LVw296hmWL/22lAizLWbmZRjbV3KrJnldV1YLE888N3SOroD\n7JiHKajtexMtlvT21jy6Y+zdi6DpQ0x4gukFNnMEJC2mIlSAZvY+fNZnTyqoOfRt\nOifbeXImhRFjs0UOLKbgihRnvMJFDp2tcXohITFpNndndKNCFM5nUypEt/Ldw2yC\ngUIzWT+pz5BJmoODP+CzQxVCHGt5dniHnX5L5SRnRpIn6x6RbA6I+8jys+9ahUV0\nB5anGEiq30bY+iRdZ+mUpE/aixkCtQ/yvyQUPsxoi0NjRy/Y67Ez1GOndx9G8D9Q\nr/6dSXesMBGAOCWsMUWw4hXCgw0KS2WOH3zta1NGpms55OxSc7vn5Yrt4TJyr4bQ\npl7/QiLAkXfzLm55pwWexNAlrX2rwiaeIGZXG08BPl0b1YCI0edMUt6jd2WRfCNw\nzZtULyzAnfQnoB0TSmm4/F5pQJ3bIjL+DEtLDpup4BZUdKWkiHDLLi63/ZMhM02m\nkqXVijqmQgZztzR0NnU8kfdpclBOrtvP3bddlr6Vx4a2rcguMQKCAQEA1jDZI4oI\nU7Fa2kyDAZt1STxU4HEV/HXaadiADD6Qo9h9gGP8BjhCRoGci12ANB2ILbCZJURI\nHthamxc05JRhNxUIXFCDIfEGM0Y9+sQwUwkRcqZ6Z+LDhKE7tA2aueBan3Dnevxi\nr04qyXxgnwrBiSQmou/GuXbJ6N23B7WhHd819bjxErviL2UnD+/7QfTWZlPKxhgS\nTRKNC2+da0+QW3iNcBgqxhfdARB0AxyyJrvoMSK0tmdRJMmlQGfEdSakrG2HOKim\nff7CPIvFgd7ylsyWJGsGkQAVxAcwyr+LklpdZSOEHkQfNBA5dRQvUlQE0nYh9+cS\nlDcmRzQbE9MG/wKCAQEA4dhfie8CbSio8aLGr50JKgTki317MkC33MSvb/SZu+/H\nn6uZz6BvkSDXLzo7fuWlBP3ifBSXZwJpboAxMFAkGqwNgcpFeInGk17WJkJr/tL9\nsmsSG9JKRQhyDvrRIvGDqTTiQYzM2mW47GOmRnwgTepTMPJxLz/2kV65mzW9BzHK\n9EB12ZO3Q3U9y5eI4ClyuB+l1Z8Vyn2cYZpP8+PtSylHAV53hbgFnrSGEuoXkREy\nBIPrxwbdtqmeWaUf+l6WODnNdOHjCFNTPNyJyk2gzjSR5uauFL8lM84HBxtqM/II\ngtCMIirgEEv0TCaiwJug5WG/Fuh6iKjDmPWHOvkLzQKCAQBlsP12tRMtARg8anUM\nb01o/t7hTG9+1EllVWe96Hptf9xd95pxLYaxyNmVBUhX9elwn9al7dw74MZrucHg\nAF6Dc1Xr1kHb/H3QHDpS85Bp6/U/tLCK4AupzY719juOomkEJ+uO5YLI7li8HnQV\nLlsijGpXk3WLGk3UZGeAnognEZGh3zN9jHxfuiuokmx9LQwZuxCbqlQOCY+zbUOU\n7kqAUyT7ok20jSHdXn1l+NrQLwiXQ33+1+Cbka0Gff21DSrDvqCjktaxHSIE8utL\ntJkCZZGnKrUMZLjwv+U3bWeLjaGn4gvY/si9xDIzVuj8sm0zquiHtUqJ2gEvbxqn\n99nrAoIBAD/hPLy+DvijPI4EVaCMkXACLEbMOlFvftICDAFltSo0W0ltdzcEESqC\nmHryRKvS9scfrLUd+ekYBIxN1BvvPxcQPU3N0bKTfchnVblCpltQgJO7t0aJR5qZ\nFfHovcjdeTkeDTUvRy4rAZBTa0+agmSnd9praNpNhEd//I3LOGlViytlJDBjmL2K\n5uy0MvH8p0cvJG/07Gv29Ymh5SV9/bt5tGzNtI7tCyHlu9qTvhC5RWWDjugfqAyn\nk3OVwiLGKEVFDDkYP2g2cV/QnWTMakSJGA+wheK2YiZyCwjWl0aUGhYuOMTdTb0u\nTq5Pa0+BdZQL/snS/f2zhoe4QwTKNq0CggEAGBL6KHZplR7trc3zBtrqgNIdklgO\nFsZk5vwL7vq1t63Sh92WjWfsgx1q1mnvAQU+ct/CFEjMjMat5s4Rd1aQWSs+WSzH\n0R+DWUG3x9R3upO2LLIolJUFeJ2pptRsm+snrHHq9NDHOeTbQk7/W2XMnA2EagBF\nZ/O9eEb3XnZtr2ze8zfvpfew0E45NNgl2UO+WOYkE61T785oClWMOa+UN8fcd3ey\nUFe+UxqX76GdDzu90n9JRjuVuoqr2BrfXGxu3C1jO6YiDla4eR61ftcuCos4EOtW\nBH7qVzMo5Rl6fmAUGzOBNrmXmJrEAuOo/H+sRH/LmyJa182gxEoBIsFlDw==\n-----END RSA PRIVATE KEY-----\n",
            "private_key_pem_pkcs8": "-----BEGIN PRIVATE KEY-----\nMIIJQQIBADANBgkqhkiG9w0BAQEFAASCCSswggknAgEAAoICAQC89ff++v/PQiWX\nREOPeEcld6FIUacKKceqZN2TZE1Tu+UrXH7cpyv+yzVziQtEeDCDVcUM5seZA/mA\nq2+J16zJjrKPNayWtBayXrD8vOJ2RaUQ6yBVpuKFs6mJ/kXNlHRRMCo2LefABdvz\nA2tDTQAy00eEi5txPea24zQ58KEkvsQITeRSNOchNzUwpAE8Su2/KadGoRIwnIsd\nlDnBZ+Gq0peA9XzBrI9KibvR2kKha7CN+mUQM1Cpd2RXIyD9a//VecZfnZoPVb2y\n3Cs1E5mnciRjuDT7epLX7dGP29VMyfcSL2uh7rT8CU85zZExkVN3hyKNOl5QtAnS\n10fZqVzLYia0uqloxby0wUEr8kZbhaehF/Krv2YyG5vuNukpm5yA/9fZq505OqXQ\nGnP7mu/x0gScm+fuwghnKGVgQ1o0wmUnWbCs9MNJz0A+lOAEEclSAMGqfHf8hdiI\nK3SwWwMFNBfnshiQ7FZv7FS5XiZ7SthMns6QpkVIufJYBCB0NTwQV5rOTo1g6Y4O\nkX1lPLFvnMi1xF9cD+pmUmqbwkjAZkCJhRVX8u4hbeDy/tTqRWd1fAD3/iskTWQz\nOpnuNy7NezZ9pC6vRoguHSi5YaMRo429YWiTcv3u+aDoRJHQr0Ur/PlZ2STYC14v\nT0SRMImyr1XY5u7hYxdVeLbZhVCPMwIDAQABAoICACOzXR2Bkp834h5IOXN7yAVe\nKsydELAs4Jpi4DIeuzVcxJmCqj1KIFfNUNX5SHWxN4k4xTgAyikwxQz4VuR2KSET\noszH2UnH0Jn2pf26OhcaZWti4QMNurKEFT4LGmkS6T8FmJQP7D8tXDb3qGZYv/ba\nUCLMtZuZlGNtXcqsmeV1XVgsTzzw3dI6ugPsmIcpqO17Ey2W9PbWPLpj7N2LoOlD\nTHiC6QU2cwQkLaYiVIBm9j581mdPKqg59G06J9t5ciaFEWOzRQ4spuCKFGe8wkUO\nna1xeiEhMWk2d2d0o0IUzmdTKkS38t3DbIKBQjNZP6nPkEmag4M/4LNDFUIca3l2\neIedfkvlJGdGkifrHpFsDoj7yPKz71qFRXQHlqcYSKrfRtj6JF1n6ZSkT9qLGQK1\nD/K/JBQ+zGiLQ2NHL9jrsTPUY6d3H0bwP1Cv/p1Jd6wwEYA4JawxRbDiFcKDDQpL\nZY4ffO1rU0amaznk7FJzu+fliu3hMnKvhtCmXv9CIsCRd/MubnmnBZ7E0CWtfavC\nJp4gZlcbTwE+XRvVgIjR50xS3qN3ZZF8I3DNm1QvLMCd9CegHRNKabj8XmlAndsi\nMv4MS0sOm6ngFlR0paSIcMsuLrf9kyEzTaaSpdWKOqZCBnO3NHQ2dTyR92lyUE6u\n28/dt12WvpXHhratyC4xAoIBAQDWMNkjighTsVraTIMBm3VJPFTgcRX8ddpp2IAM\nPpCj2H2AY/wGOEJGgZyLXYA0HYgtsJklREge2FqbFzTklGE3FQhcUIMh8QYzRj36\nxDBTCRFypnpn4sOEoTu0DZq54FqfcOd6/GKvTirJfGCfCsGJJCai78a5dsno3bcH\ntaEd3zX1uPESu+IvZScP7/tB9NZmU8rGGBJNEo0Lb51rT5BbeI1wGCrGF90BEHQD\nHLImu+gxIrS2Z1EkyaVAZ8R1JqSsbYc4qKZ9/sI8i8WB3vKWzJYkawaRABXEBzDK\nv4uSWl1lI4QeRB80EDl1FC9SVATSdiH35xKUNyZHNBsT0wb/AoIBAQDh2F+J7wJt\nKKjxosavnQkqBOSLfXsyQLfcxK9v9Jm778efq5nPoG+RINcvOjt+5aUE/eJ8FJdn\nAmlugDEwUCQarA2BykV4icaTXtYmQmv+0v2yaxIb0kpFCHIO+tEi8YOpNOJBjMza\nZbjsY6ZGfCBN6lMw8nEvP/aRXrmbNb0HMcr0QHXZk7dDdT3Ll4jgKXK4H6XVnxXK\nfZxhmk/z4+1LKUcBXneFuAWetIYS6heRETIEg+vHBt22qZ5ZpR/6XpY4Oc104eMI\nU1M83InKTaDONJHm5q4UvyUzzgcHG2oz8giC0IwiKuAQS/RMJqLAm6DlYb8W6HqI\nqMOY9Yc6+QvNAoIBAGWw/Xa1Ey0BGDxqdQxvTWj+3uFMb37USWVVZ73oem1/3F33\nmnEthrHI2ZUFSFf16XCf1qXt3Dvgxmu5weAAXoNzVevWQdv8fdAcOlLzkGnr9T+0\nsIrgC6nNjvX2O46iaQQn647lgsjuWLwedBUuWyKMaleTdYsaTdRkZ4CeiCcRkaHf\nM32MfF+6K6iSbH0tDBm7EJuqVA4Jj7NtQ5TuSoBTJPuiTbSNId1efWX42tAvCJdD\nff7X4JuRrQZ9/bUNKsO+oKOS1rEdIgTy60u0mQJlkacqtQxkuPC/5TdtZ4uNoafi\nC9j+yL3EMjNW6PyybTOq6Ie1SonaAS9vGqf32esCggEAP+E8vL4O+KM8jgRVoIyR\ncAIsRsw6UW9+0gIMAWW1KjRbSW13NwQRKoKYevJEq9L2xx+stR356RgEjE3UG+8/\nFxA9Tc3RspN9yGdVuUKmW1CAk7u3RolHmpkV8ei9yN15OR4NNS9HLisBkFNrT5qC\nZKd32mto2k2ER3/8jcs4aVWLK2UkMGOYvYrm7LQy8fynRy8kb/Tsa/b1iaHlJX39\nu3m0bM20ju0LIeW72pO+ELlFZYOO6B+oDKeTc5XCIsYoRUUMORg/aDZxX9CdZMxq\nRIkYD7CF4rZiJnILCNaXRpQaFi44xN1NvS5Ork9rT4F1lAv+ydL9/bOGh7hDBMo2\nrQKCAQAYEvoodmmVHu2tzfMG2uqA0h2SWA4WxmTm/Avu+rW3rdKH3ZaNZ+yDHWrW\nae8BBT5y38IUSMyMxq3mzhF3VpBZKz5ZLMfRH4NZQbfH1He6k7YssiiUlQV4namm\n1Gyb6yescer00Mc55NtCTv9bZcycDYRqAEVn8714Rvdedm2vbN7zN++l97DQTjk0\n2CXZQ75Y5iQTrVPvzmgKVYw5r5Q3x9x3d7JQV75TGpfvoZ0PO73Sf0lGO5W6iqvY\nGt9cbG7cLWM7piIOVrh5HrV+1y4KizgQ61YEfupXMyjlGXp+YBQbM4E2uZeYmsQC\n46j8f6xEf8ubIlrXzaDESgEiwWUP\n-----END PRIVATE KEY-----\n",
            "public_key_fingerprint_md5": "c1:b5:be:f0:a4:a1:29:a6:83:e3:d3:4b:21:c9:62:b0",
            "public_key_fingerprint_sha256": "SHA256:moETEfZn6vx9OFbk/EnMuJ70gT3DGdX3MJqhxGim6bE",
            "public_key_openssh": "ssh-rsa AAAAB3NzaC1yc2EAAAADAQABAAACAQC89ff++v/PQiWXREOPeEcld6FIUacKKceqZN2TZE1Tu+UrXH7cpyv+yzVziQtEeDCDVcUM5seZA/mAq2+J16zJjrKPNayWtBayXrD8vOJ2RaUQ6yBVpuKFs6mJ/kXNlHRRMCo2LefABdvzA2tDTQAy00eEi5txPea24zQ58KEkvsQITeRSNOchNzUwpAE8Su2/KadGoRIwnIsdlDnBZ+Gq0peA9XzBrI9KibvR2kKha7CN+mUQM1Cpd2RXIyD9a//VecZfnZoPVb2y3Cs1E5mnciRjuDT7epLX7dGP29VMyfcSL2uh7rT8CU85zZExkVN3hyKNOl5QtAnS10fZqVzLYia0uqloxby0wUEr8kZbhaehF/Krv2YyG5vuNukpm5yA/9fZq505OqXQGnP7mu/x0gScm+fuwghnKGVgQ1o0wmUnWbCs9MNJz0A+lOAEEclSAMGqfHf8hdiIK3SwWwMFNBfnshiQ7FZv7FS5XiZ7SthMns6QpkVIufJYBCB0NTwQV5rOTo1g6Y4OkX1lPLFvnMi1xF9cD+pmUmqbwkjAZkCJhRVX8u4hbeDy/tTqRWd1fAD3/iskTWQzOpnuNy7NezZ9pC6vRoguHSi5YaMRo429YWiTcv3u+aDoRJHQr0Ur/PlZ2STYC14vT0SRMImyr1XY5u7hYxdVeLbZhVCPMw==\n",
            "public_key_pem": "-----BEGIN PUBLIC KEY-----\nMIICIjANBgkqhkiG9w0BAQEFAAOCAg8AMIICCgKCAgEAvPX3/vr/z0Ill0RDj3hH\nJXehSFGnCinHqmTdk2RNU7vlK1x+3Kcr/ss1c4kLRHgwg1XFDObHmQP5gKtvides\nyY6yjzWslrQWsl6w/LzidkWlEOsgVabihbOpif5FzZR0UTAqNi3nwAXb8wNrQ00A\nMtNHhIubcT3mtuM0OfChJL7ECE3kUjTnITc1MKQBPErtvymnRqESMJyLHZQ5wWfh\nqtKXgPV8wayPSom70dpCoWuwjfplEDNQqXdkVyMg/Wv/1XnGX52aD1W9stwrNROZ\np3IkY7g0+3qS1+3Rj9vVTMn3Ei9roe60/AlPOc2RMZFTd4cijTpeULQJ0tdH2alc\ny2ImtLqpaMW8tMFBK/JGW4WnoRfyq79mMhub7jbpKZucgP/X2audOTql0Bpz+5rv\n8dIEnJvn7sIIZyhlYENaNMJlJ1mwrPTDSc9APpTgBBHJUgDBqnx3/IXYiCt0sFsD\nBTQX57IYkOxWb+xUuV4me0rYTJ7OkKZFSLnyWAQgdDU8EFeazk6NYOmODpF9ZTyx\nb5zItcRfXA/qZlJqm8JIwGZAiYUVV/LuIW3g8v7U6kVndXwA9/4rJE1kMzqZ7jcu\nzXs2faQur0aILh0ouWGjEaONvWFok3L97vmg6ESR0K9FK/z5Wdkk2AteL09EkTCJ\nsq9V2Obu4WMXVXi22YVQjzMCAwEAAQ==\n-----END PUBLIC KEY-----\n",
            "rsa_bits": 4096
          },
          "sensitive_attributes": [
            [
              {
                "type": "get_attr",
                "value": "private_key_pem"
              }
            ],
            [
              {
                "type": "get_attr",
                "value": "private_key_openssh"
              }
            ],
            [
              {
                "type": "get_attr",
                "value": "private_key_pem_pkcs8"
              }
            ]
          ]
        }
      ]
    }
  ],
  "check_results": null
}
